
Microsoft Visual Studio Solution File, Format Version 12.00
# Visual Studio Version 16
VisualStudioVersion = 16.0.29613.14
MinimumVisualStudioVersion = 10.0.40219.1
Project("{2150E333-8FDC-42A3-9474-1A3956D46DE8}") = "Src", "Src", "{2135864E-CF17-4FBC-9A91-DC817A54C90A}"
EndProject
Project("{2150E333-8FDC-42A3-9474-1A3956D46DE8}") = "Extersions", "Extersions", "{AB151676-5329-47DD-974B-646648B41FD7}"
EndProject
Project("{2150E333-8FDC-42A3-9474-1A3956D46DE8}") = "Commons", "Commons", "{E3F3C44D-EF02-4794-AFC3-93F26BDAFC1F}"
	ProjectSection(SolutionItems) = preProject
		build-nuget.cmd = build-nuget.cmd
		build-nuget.sh = build-nuget.sh
	EndProjectSection
EndProject
Project("{9A19103F-16F7-4668-BE54-9A1E7A4F7556}") = "Flash.Extensions.System", "src\Flash.Extensions.System\Flash.Extensions.System.csproj", "{57A3EB9F-AA0F-4498-9C58-333F0F960BB7}"
EndProject
Project("{9A19103F-16F7-4668-BE54-9A1E7A4F7556}") = "Flash.Extensions.UidGenerator", "src\Flash.Extensions.UidGenerator\Flash.Extensions.UidGenerator.csproj", "{3DE4A972-9B5E-425E-9191-65E6A0B394C3}"
EndProject
Project("{9A19103F-16F7-4668-BE54-9A1E7A4F7556}") = "Flash.Core", "src\Flash.Core\Flash.Core.csproj", "{34A716D5-DAA3-4095-8695-3A5816BAB769}"
EndProject
Project("{9A19103F-16F7-4668-BE54-9A1E7A4F7556}") = "Flash.Extensions.Middlewares", "src\Flash.Extensions.Middlewares\Flash.Extensions.Middlewares.csproj", "{922DA73E-44DF-4712-9E5E-7A03006976B8}"
EndProject
Project("{2150E333-8FDC-42A3-9474-1A3956D46DE8}") = "Test", "Test", "{CC125563-ED93-4B38-8512-67E3FAEA8398}"
EndProject
Project("{9A19103F-16F7-4668-BE54-9A1E7A4F7556}") = "Flash.Extensions.Security", "src\Flash.Extensions.Security\Flash.Extensions.Security.csproj", "{0465F8BB-9A86-4CF8-A48C-A8F93DC349E2}"
EndProject
Project("{2150E333-8FDC-42A3-9474-1A3956D46DE8}") = "Icons", "Icons", "{FDE27D0B-2355-4619-B04D-AF0743C59904}"
	ProjectSection(SolutionItems) = preProject
		icon.png = icon.png
	EndProjectSection
EndProject
Project("{9A19103F-16F7-4668-BE54-9A1E7A4F7556}") = "Flash.LoadBalancer", "src\Flash.LoadBalancer\Flash.LoadBalancer.csproj", "{3FF70F71-10DD-4B2E-93D1-4D83BC228008}"
EndProject
Project("{9A19103F-16F7-4668-BE54-9A1E7A4F7556}") = "Flash.Extensions.Tracting", "src\Flash.Extensions.OpenTracting\Flash.Extensions.Tracting.csproj", "{4FF43316-7CFD-4A73-888A-C5EE3D96D21C}"
EndProject
Project("{9A19103F-16F7-4668-BE54-9A1E7A4F7556}") = "Flash.Extensions.CQRS", "src\Flash.Extensions.CQRS\Flash.Extensions.CQRS.csproj", "{8580EE83-E2AF-4F56-BAAA-52A2E1CABE7E}"
EndProject
Project("{9A19103F-16F7-4668-BE54-9A1E7A4F7556}") = "Flash.Extensions.Cache", "src\Flash.Extensions.Cache\Flash.Extensions.Cache.csproj", "{299C3EF0-A2B1-4E35-99B8-46152F5021E7}"
EndProject
Project("{9A19103F-16F7-4668-BE54-9A1E7A4F7556}") = "Flash.Extensions.Cache.Redis", "src\Flash.Extensions.Cache.Redis\Flash.Extensions.Cache.Redis.csproj", "{0F1B410C-1FC0-4AD1-9507-B174B8B8975A}"
EndProject
Project("{9A19103F-16F7-4668-BE54-9A1E7A4F7556}") = "Flash.Extensions.DistributedLock", "src\Flash.Extensions.DistributedLock\Flash.Extensions.DistributedLock.csproj", "{D2B694A0-52BF-4F75-ABF4-986AA564BDB4}"
EndProject
Project("{9A19103F-16F7-4668-BE54-9A1E7A4F7556}") = "Flash.Extensions.Tracting.Jaeger", "src\Flash.Extensions.OpenTracting.Jaeger\Flash.Extensions.Tracting.Jaeger.csproj", "{E7312165-4281-41AB-A2DA-F426CEACC8FD}"
EndProject
Project("{9A19103F-16F7-4668-BE54-9A1E7A4F7556}") = "Flash.Extensions.Configuration.Json", "src\Flash.Extensions.Configuration.Json\Flash.Extensions.Configuration.Json.csproj", "{2B06F236-E183-4DDD-975D-5E4E87574979}"
EndProject
Project("{9A19103F-16F7-4668-BE54-9A1E7A4F7556}") = "Flash.Extensions.HealthChecks.Redis", "src\Flash.Extensions.HealthChecks.Redis\Flash.Extensions.HealthChecks.Redis.csproj", "{39CB8CB2-FE17-463E-8782-F7EE67004387}"
EndProject
Project("{9A19103F-16F7-4668-BE54-9A1E7A4F7556}") = "Flash.Extensions.Cache.Memcached", "src\Flash.Extensions.Cache.Memcached\Flash.Extensions.Cache.Memcached.csproj", "{D9B51021-9F3A-43A8-AFDB-1CFDB04CC477}"
EndProject
Project("{9A19103F-16F7-4668-BE54-9A1E7A4F7556}") = "Flash.Extensions.HealthChecks", "src\Flash.Extensions.HealthChecks\Flash.Extensions.HealthChecks.csproj", "{BA529852-ABD6-4559-B7F1-D64F809E31E7}"
EndProject
Project("{2150E333-8FDC-42A3-9474-1A3956D46DE8}") = "Cache", "Cache", "{D8BACD0E-04E8-4ECE-992C-0C1681059B50}"
EndProject
Project("{2150E333-8FDC-42A3-9474-1A3956D46DE8}") = "HealthChecks", "HealthChecks", "{E1525F10-B944-400A-8176-051416C14CC7}"
EndProject
Project("{9A19103F-16F7-4668-BE54-9A1E7A4F7556}") = "Flash.Extensions.Polly.Http", "src\Flash.Extensions.Polly.Http\Flash.Extensions.Polly.Http.csproj", "{EFB222D2-7CF5-4FD4-A69C-E662D87D2E7E}"
EndProject
Project("{9A19103F-16F7-4668-BE54-9A1E7A4F7556}") = "Flash.Extensions.AppMetrics", "src\Flash.Extensions.AppMetrics\Flash.Extensions.AppMetrics.csproj", "{8396B46F-525F-4951-A8EB-7DCB0D1D7384}"
EndProject
Project("{9A19103F-16F7-4668-BE54-9A1E7A4F7556}") = "Flash.Test", "src\Flash.Test\Flash.Test.csproj", "{3BB6A0BC-7AB0-4AFF-A55F-C92F2B932322}"
EndProject
Project("{9A19103F-16F7-4668-BE54-9A1E7A4F7556}") = "Flash.Test.Web", "src\Flash.Test.Web\Flash.Test.Web.csproj", "{F49D6D19-5E6C-4C7E-B8D5-EFDD3E7B8469}"
EndProject
Project("{9A19103F-16F7-4668-BE54-9A1E7A4F7556}") = "Flash.Extensions.EventBus", "src\Flash.Extensions.EventBus\Flash.Extensions.EventBus.csproj", "{E8FA6DD8-891E-4D06-8582-5DD3D5382F85}"
EndProject
Project("{9A19103F-16F7-4668-BE54-9A1E7A4F7556}") = "Flash.Extensions.EventBus.RabbitMQ", "src\Flash.Extensions.EventBus.RabbitMQ\Flash.Extensions.EventBus.RabbitMQ.csproj", "{7A8601D0-A69C-4828-BE78-490F94830B5F}"
EndProject
Project("{2150E333-8FDC-42A3-9474-1A3956D46DE8}") = "EventBus", "EventBus", "{CA8B169F-048A-4B5A-AA07-FEF81F565CF2}"
EndProject
Project("{2150E333-8FDC-42A3-9474-1A3956D46DE8}") = "OpenTracting", "OpenTracting", "{61535032-56EB-40AF-8288-CA3EC1EDC852}"
EndProject
Project("{9A19103F-16F7-4668-BE54-9A1E7A4F7556}") = "Flash.Extensions.Tracting.Skywalking", "src\Flash.Extensions.OpenTracting.Skywalking\Flash.Extensions.Tracting.Skywalking.csproj", "{A56C5D56-C9E3-430A-A8BA-45661788891A}"
EndProject
Project("{9A19103F-16F7-4668-BE54-9A1E7A4F7556}") = "Flash.Extensions.ORM", "src\Flash.Extensions.ORM\Flash.Extensions.ORM.csproj", "{A4808934-328A-4520-BC24-AE7992CDFB15}"
EndProject
Project("{9A19103F-16F7-4668-BE54-9A1E7A4F7556}") = "Flash.Extensions.ORM.EntityFrameworkCore", "src\Flash.Extensions.ORM.EntityFrameworkCore\Flash.Extensions.ORM.EntityFrameworkCore.csproj", "{F2F50A64-9A99-40B3-99D1-2CA92A067E73}"
EndProject
Project("{FAE04EC0-301F-11D3-BF4B-00C04F79EFBC}") = "Flash.Extensions.Cache.Redis.DependencyInjection", "src\Flash.Extensions.Cache.Redis.DependencyInjection\Flash.Extensions.Cache.Redis.DependencyInjection.csproj", "{EF98BFD2-081E-4927-A175-1166DE0D1505}"
EndProject
Global
	GlobalSection(SolutionConfigurationPlatforms) = preSolution
		Debug|Any CPU = Debug|Any CPU
		Release|Any CPU = Release|Any CPU
	EndGlobalSection
	GlobalSection(ProjectConfigurationPlatforms) = postSolution
		{57A3EB9F-AA0F-4498-9C58-333F0F960BB7}.Debug|Any CPU.ActiveCfg = Debug|Any CPU
		{57A3EB9F-AA0F-4498-9C58-333F0F960BB7}.Debug|Any CPU.Build.0 = Debug|Any CPU
		{57A3EB9F-AA0F-4498-9C58-333F0F960BB7}.Release|Any CPU.ActiveCfg = Release|Any CPU
		{57A3EB9F-AA0F-4498-9C58-333F0F960BB7}.Release|Any CPU.Build.0 = Release|Any CPU
		{3DE4A972-9B5E-425E-9191-65E6A0B394C3}.Debug|Any CPU.ActiveCfg = Debug|Any CPU
		{3DE4A972-9B5E-425E-9191-65E6A0B394C3}.Debug|Any CPU.Build.0 = Debug|Any CPU
		{3DE4A972-9B5E-425E-9191-65E6A0B394C3}.Release|Any CPU.ActiveCfg = Release|Any CPU
		{3DE4A972-9B5E-425E-9191-65E6A0B394C3}.Release|Any CPU.Build.0 = Release|Any CPU
		{34A716D5-DAA3-4095-8695-3A5816BAB769}.Debug|Any CPU.ActiveCfg = Debug|Any CPU
		{34A716D5-DAA3-4095-8695-3A5816BAB769}.Debug|Any CPU.Build.0 = Debug|Any CPU
		{34A716D5-DAA3-4095-8695-3A5816BAB769}.Release|Any CPU.ActiveCfg = Release|Any CPU
		{34A716D5-DAA3-4095-8695-3A5816BAB769}.Release|Any CPU.Build.0 = Release|Any CPU
		{922DA73E-44DF-4712-9E5E-7A03006976B8}.Debug|Any CPU.ActiveCfg = Debug|Any CPU
		{922DA73E-44DF-4712-9E5E-7A03006976B8}.Debug|Any CPU.Build.0 = Debug|Any CPU
		{922DA73E-44DF-4712-9E5E-7A03006976B8}.Release|Any CPU.ActiveCfg = Release|Any CPU
		{922DA73E-44DF-4712-9E5E-7A03006976B8}.Release|Any CPU.Build.0 = Release|Any CPU
		{0465F8BB-9A86-4CF8-A48C-A8F93DC349E2}.Debug|Any CPU.ActiveCfg = Debug|Any CPU
		{0465F8BB-9A86-4CF8-A48C-A8F93DC349E2}.Debug|Any CPU.Build.0 = Debug|Any CPU
		{0465F8BB-9A86-4CF8-A48C-A8F93DC349E2}.Release|Any CPU.ActiveCfg = Release|Any CPU
		{0465F8BB-9A86-4CF8-A48C-A8F93DC349E2}.Release|Any CPU.Build.0 = Release|Any CPU
		{3FF70F71-10DD-4B2E-93D1-4D83BC228008}.Debug|Any CPU.ActiveCfg = Debug|Any CPU
		{3FF70F71-10DD-4B2E-93D1-4D83BC228008}.Debug|Any CPU.Build.0 = Debug|Any CPU
		{3FF70F71-10DD-4B2E-93D1-4D83BC228008}.Release|Any CPU.ActiveCfg = Release|Any CPU
		{3FF70F71-10DD-4B2E-93D1-4D83BC228008}.Release|Any CPU.Build.0 = Release|Any CPU
		{4FF43316-7CFD-4A73-888A-C5EE3D96D21C}.Debug|Any CPU.ActiveCfg = Debug|Any CPU
		{4FF43316-7CFD-4A73-888A-C5EE3D96D21C}.Debug|Any CPU.Build.0 = Debug|Any CPU
		{4FF43316-7CFD-4A73-888A-C5EE3D96D21C}.Release|Any CPU.ActiveCfg = Release|Any CPU
		{4FF43316-7CFD-4A73-888A-C5EE3D96D21C}.Release|Any CPU.Build.0 = Release|Any CPU
		{8580EE83-E2AF-4F56-BAAA-52A2E1CABE7E}.Debug|Any CPU.ActiveCfg = Debug|Any CPU
		{8580EE83-E2AF-4F56-BAAA-52A2E1CABE7E}.Debug|Any CPU.Build.0 = Debug|Any CPU
		{8580EE83-E2AF-4F56-BAAA-52A2E1CABE7E}.Release|Any CPU.ActiveCfg = Release|Any CPU
		{8580EE83-E2AF-4F56-BAAA-52A2E1CABE7E}.Release|Any CPU.Build.0 = Release|Any CPU
		{299C3EF0-A2B1-4E35-99B8-46152F5021E7}.Debug|Any CPU.ActiveCfg = Debug|Any CPU
		{299C3EF0-A2B1-4E35-99B8-46152F5021E7}.Debug|Any CPU.Build.0 = Debug|Any CPU
		{299C3EF0-A2B1-4E35-99B8-46152F5021E7}.Release|Any CPU.ActiveCfg = Release|Any CPU
		{299C3EF0-A2B1-4E35-99B8-46152F5021E7}.Release|Any CPU.Build.0 = Release|Any CPU
		{0F1B410C-1FC0-4AD1-9507-B174B8B8975A}.Debug|Any CPU.ActiveCfg = Debug|Any CPU
		{0F1B410C-1FC0-4AD1-9507-B174B8B8975A}.Debug|Any CPU.Build.0 = Debug|Any CPU
		{0F1B410C-1FC0-4AD1-9507-B174B8B8975A}.Release|Any CPU.ActiveCfg = Release|Any CPU
		{0F1B410C-1FC0-4AD1-9507-B174B8B8975A}.Release|Any CPU.Build.0 = Release|Any CPU
		{D2B694A0-52BF-4F75-ABF4-986AA564BDB4}.Debug|Any CPU.ActiveCfg = Debug|Any CPU
		{D2B694A0-52BF-4F75-ABF4-986AA564BDB4}.Debug|Any CPU.Build.0 = Debug|Any CPU
		{D2B694A0-52BF-4F75-ABF4-986AA564BDB4}.Release|Any CPU.ActiveCfg = Release|Any CPU
		{D2B694A0-52BF-4F75-ABF4-986AA564BDB4}.Release|Any CPU.Build.0 = Release|Any CPU
		{E7312165-4281-41AB-A2DA-F426CEACC8FD}.Debug|Any CPU.ActiveCfg = Debug|Any CPU
		{E7312165-4281-41AB-A2DA-F426CEACC8FD}.Debug|Any CPU.Build.0 = Debug|Any CPU
		{E7312165-4281-41AB-A2DA-F426CEACC8FD}.Release|Any CPU.ActiveCfg = Release|Any CPU
		{E7312165-4281-41AB-A2DA-F426CEACC8FD}.Release|Any CPU.Build.0 = Release|Any CPU
		{2B06F236-E183-4DDD-975D-5E4E87574979}.Debug|Any CPU.ActiveCfg = Debug|Any CPU
		{2B06F236-E183-4DDD-975D-5E4E87574979}.Debug|Any CPU.Build.0 = Debug|Any CPU
		{2B06F236-E183-4DDD-975D-5E4E87574979}.Release|Any CPU.ActiveCfg = Release|Any CPU
		{2B06F236-E183-4DDD-975D-5E4E87574979}.Release|Any CPU.Build.0 = Release|Any CPU
		{39CB8CB2-FE17-463E-8782-F7EE67004387}.Debug|Any CPU.ActiveCfg = Debug|Any CPU
		{39CB8CB2-FE17-463E-8782-F7EE67004387}.Debug|Any CPU.Build.0 = Debug|Any CPU
		{39CB8CB2-FE17-463E-8782-F7EE67004387}.Release|Any CPU.ActiveCfg = Release|Any CPU
		{39CB8CB2-FE17-463E-8782-F7EE67004387}.Release|Any CPU.Build.0 = Release|Any CPU
		{D9B51021-9F3A-43A8-AFDB-1CFDB04CC477}.Debug|Any CPU.ActiveCfg = Debug|Any CPU
		{D9B51021-9F3A-43A8-AFDB-1CFDB04CC477}.Debug|Any CPU.Build.0 = Debug|Any CPU
		{D9B51021-9F3A-43A8-AFDB-1CFDB04CC477}.Release|Any CPU.ActiveCfg = Release|Any CPU
		{D9B51021-9F3A-43A8-AFDB-1CFDB04CC477}.Release|Any CPU.Build.0 = Release|Any CPU
		{BA529852-ABD6-4559-B7F1-D64F809E31E7}.Debug|Any CPU.ActiveCfg = Debug|Any CPU
		{BA529852-ABD6-4559-B7F1-D64F809E31E7}.Debug|Any CPU.Build.0 = Debug|Any CPU
		{BA529852-ABD6-4559-B7F1-D64F809E31E7}.Release|Any CPU.ActiveCfg = Release|Any CPU
		{BA529852-ABD6-4559-B7F1-D64F809E31E7}.Release|Any CPU.Build.0 = Release|Any CPU
		{EFB222D2-7CF5-4FD4-A69C-E662D87D2E7E}.Debug|Any CPU.ActiveCfg = Debug|Any CPU
		{EFB222D2-7CF5-4FD4-A69C-E662D87D2E7E}.Debug|Any CPU.Build.0 = Debug|Any CPU
		{EFB222D2-7CF5-4FD4-A69C-E662D87D2E7E}.Release|Any CPU.ActiveCfg = Release|Any CPU
		{EFB222D2-7CF5-4FD4-A69C-E662D87D2E7E}.Release|Any CPU.Build.0 = Release|Any CPU
		{8396B46F-525F-4951-A8EB-7DCB0D1D7384}.Debug|Any CPU.ActiveCfg = Debug|Any CPU
		{8396B46F-525F-4951-A8EB-7DCB0D1D7384}.Debug|Any CPU.Build.0 = Debug|Any CPU
		{8396B46F-525F-4951-A8EB-7DCB0D1D7384}.Release|Any CPU.ActiveCfg = Release|Any CPU
		{8396B46F-525F-4951-A8EB-7DCB0D1D7384}.Release|Any CPU.Build.0 = Release|Any CPU
		{3BB6A0BC-7AB0-4AFF-A55F-C92F2B932322}.Debug|Any CPU.ActiveCfg = Debug|Any CPU
		{3BB6A0BC-7AB0-4AFF-A55F-C92F2B932322}.Debug|Any CPU.Build.0 = Debug|Any CPU
		{3BB6A0BC-7AB0-4AFF-A55F-C92F2B932322}.Release|Any CPU.ActiveCfg = Release|Any CPU
		{3BB6A0BC-7AB0-4AFF-A55F-C92F2B932322}.Release|Any CPU.Build.0 = Release|Any CPU
		{F49D6D19-5E6C-4C7E-B8D5-EFDD3E7B8469}.Debug|Any CPU.ActiveCfg = Debug|Any CPU
		{F49D6D19-5E6C-4C7E-B8D5-EFDD3E7B8469}.Debug|Any CPU.Build.0 = Debug|Any CPU
		{F49D6D19-5E6C-4C7E-B8D5-EFDD3E7B8469}.Release|Any CPU.ActiveCfg = Release|Any CPU
		{F49D6D19-5E6C-4C7E-B8D5-EFDD3E7B8469}.Release|Any CPU.Build.0 = Release|Any CPU
		{E8FA6DD8-891E-4D06-8582-5DD3D5382F85}.Debug|Any CPU.ActiveCfg = Debug|Any CPU
		{E8FA6DD8-891E-4D06-8582-5DD3D5382F85}.Debug|Any CPU.Build.0 = Debug|Any CPU
		{E8FA6DD8-891E-4D06-8582-5DD3D5382F85}.Release|Any CPU.ActiveCfg = Release|Any CPU
		{E8FA6DD8-891E-4D06-8582-5DD3D5382F85}.Release|Any CPU.Build.0 = Release|Any CPU
		{7A8601D0-A69C-4828-BE78-490F94830B5F}.Debug|Any CPU.ActiveCfg = Debug|Any CPU
		{7A8601D0-A69C-4828-BE78-490F94830B5F}.Debug|Any CPU.Build.0 = Debug|Any CPU
		{7A8601D0-A69C-4828-BE78-490F94830B5F}.Release|Any CPU.ActiveCfg = Release|Any CPU
		{7A8601D0-A69C-4828-BE78-490F94830B5F}.Release|Any CPU.Build.0 = Release|Any CPU
		{A56C5D56-C9E3-430A-A8BA-45661788891A}.Debug|Any CPU.ActiveCfg = Debug|Any CPU
		{A56C5D56-C9E3-430A-A8BA-45661788891A}.Debug|Any CPU.Build.0 = Debug|Any CPU
		{A56C5D56-C9E3-430A-A8BA-45661788891A}.Release|Any CPU.ActiveCfg = Release|Any CPU
		{A56C5D56-C9E3-430A-A8BA-45661788891A}.Release|Any CPU.Build.0 = Release|Any CPU
		{A4808934-328A-4520-BC24-AE7992CDFB15}.Debug|Any CPU.ActiveCfg = Debug|Any CPU
		{A4808934-328A-4520-BC24-AE7992CDFB15}.Debug|Any CPU.Build.0 = Debug|Any CPU
		{A4808934-328A-4520-BC24-AE7992CDFB15}.Release|Any CPU.ActiveCfg = Release|Any CPU
		{A4808934-328A-4520-BC24-AE7992CDFB15}.Release|Any CPU.Build.0 = Release|Any CPU
		{F2F50A64-9A99-40B3-99D1-2CA92A067E73}.Debug|Any CPU.ActiveCfg = Debug|Any CPU
		{F2F50A64-9A99-40B3-99D1-2CA92A067E73}.Debug|Any CPU.Build.0 = Debug|Any CPU
		{F2F50A64-9A99-40B3-99D1-2CA92A067E73}.Release|Any CPU.ActiveCfg = Release|Any CPU
		{F2F50A64-9A99-40B3-99D1-2CA92A067E73}.Release|Any CPU.Build.0 = Release|Any CPU
		{EF98BFD2-081E-4927-A175-1166DE0D1505}.Debug|Any CPU.ActiveCfg = Debug|Any CPU
		{EF98BFD2-081E-4927-A175-1166DE0D1505}.Debug|Any CPU.Build.0 = Debug|Any CPU
		{EF98BFD2-081E-4927-A175-1166DE0D1505}.Release|Any CPU.ActiveCfg = Release|Any CPU
		{EF98BFD2-081E-4927-A175-1166DE0D1505}.Release|Any CPU.Build.0 = Release|Any CPU
	EndGlobalSection
	GlobalSection(SolutionProperties) = preSolution
		HideSolutionNode = FALSE
	EndGlobalSection
	GlobalSection(NestedProjects) = preSolution
		{AB151676-5329-47DD-974B-646648B41FD7} = {2135864E-CF17-4FBC-9A91-DC817A54C90A}
		{E3F3C44D-EF02-4794-AFC3-93F26BDAFC1F} = {2135864E-CF17-4FBC-9A91-DC817A54C90A}
		{57A3EB9F-AA0F-4498-9C58-333F0F960BB7} = {AB151676-5329-47DD-974B-646648B41FD7}
		{3DE4A972-9B5E-425E-9191-65E6A0B394C3} = {AB151676-5329-47DD-974B-646648B41FD7}
		{34A716D5-DAA3-4095-8695-3A5816BAB769} = {2135864E-CF17-4FBC-9A91-DC817A54C90A}
		{922DA73E-44DF-4712-9E5E-7A03006976B8} = {AB151676-5329-47DD-974B-646648B41FD7}
		{CC125563-ED93-4B38-8512-67E3FAEA8398} = {2135864E-CF17-4FBC-9A91-DC817A54C90A}
		{0465F8BB-9A86-4CF8-A48C-A8F93DC349E2} = {AB151676-5329-47DD-974B-646648B41FD7}
		{FDE27D0B-2355-4619-B04D-AF0743C59904} = {2135864E-CF17-4FBC-9A91-DC817A54C90A}
		{3FF70F71-10DD-4B2E-93D1-4D83BC228008} = {2135864E-CF17-4FBC-9A91-DC817A54C90A}
		{4FF43316-7CFD-4A73-888A-C5EE3D96D21C} = {61535032-56EB-40AF-8288-CA3EC1EDC852}
		{8580EE83-E2AF-4F56-BAAA-52A2E1CABE7E} = {AB151676-5329-47DD-974B-646648B41FD7}
		{299C3EF0-A2B1-4E35-99B8-46152F5021E7} = {D8BACD0E-04E8-4ECE-992C-0C1681059B50}
		{0F1B410C-1FC0-4AD1-9507-B174B8B8975A} = {D8BACD0E-04E8-4ECE-992C-0C1681059B50}
		{D2B694A0-52BF-4F75-ABF4-986AA564BDB4} = {AB151676-5329-47DD-974B-646648B41FD7}
		{E7312165-4281-41AB-A2DA-F426CEACC8FD} = {61535032-56EB-40AF-8288-CA3EC1EDC852}
		{2B06F236-E183-4DDD-975D-5E4E87574979} = {AB151676-5329-47DD-974B-646648B41FD7}
		{39CB8CB2-FE17-463E-8782-F7EE67004387} = {E1525F10-B944-400A-8176-051416C14CC7}
		{D9B51021-9F3A-43A8-AFDB-1CFDB04CC477} = {D8BACD0E-04E8-4ECE-992C-0C1681059B50}
		{BA529852-ABD6-4559-B7F1-D64F809E31E7} = {E1525F10-B944-400A-8176-051416C14CC7}
		{D8BACD0E-04E8-4ECE-992C-0C1681059B50} = {AB151676-5329-47DD-974B-646648B41FD7}
		{E1525F10-B944-400A-8176-051416C14CC7} = {AB151676-5329-47DD-974B-646648B41FD7}
		{EFB222D2-7CF5-4FD4-A69C-E662D87D2E7E} = {AB151676-5329-47DD-974B-646648B41FD7}
		{8396B46F-525F-4951-A8EB-7DCB0D1D7384} = {AB151676-5329-47DD-974B-646648B41FD7}
		{3BB6A0BC-7AB0-4AFF-A55F-C92F2B932322} = {CC125563-ED93-4B38-8512-67E3FAEA8398}
		{F49D6D19-5E6C-4C7E-B8D5-EFDD3E7B8469} = {CC125563-ED93-4B38-8512-67E3FAEA8398}
		{E8FA6DD8-891E-4D06-8582-5DD3D5382F85} = {CA8B169F-048A-4B5A-AA07-FEF81F565CF2}
		{7A8601D0-A69C-4828-BE78-490F94830B5F} = {CA8B169F-048A-4B5A-AA07-FEF81F565CF2}
		{CA8B169F-048A-4B5A-AA07-FEF81F565CF2} = {AB151676-5329-47DD-974B-646648B41FD7}
		{61535032-56EB-40AF-8288-CA3EC1EDC852} = {AB151676-5329-47DD-974B-646648B41FD7}
		{A56C5D56-C9E3-430A-A8BA-45661788891A} = {61535032-56EB-40AF-8288-CA3EC1EDC852}
		{A4808934-328A-4520-BC24-AE7992CDFB15} = {AB151676-5329-47DD-974B-646648B41FD7}
		{F2F50A64-9A99-40B3-99D1-2CA92A067E73} = {AB151676-5329-47DD-974B-646648B41FD7}
		{EF98BFD2-081E-4927-A175-1166DE0D1505} = {D8BACD0E-04E8-4ECE-992C-0C1681059B50}
	EndGlobalSection
	GlobalSection(ExtensibilityGlobals) = postSolution
		SolutionGuid = {789F62BD-437C-461F-9EB7-7A1B19BFAE4E}
	EndGlobalSection
EndGlobal
