
Microsoft Visual Studio Solution File, Format Version 12.00
# Visual Studio Version 17
VisualStudioVersion = 17.2.32516.85
MinimumVisualStudioVersion = 10.0.40219.1
Project("{2150E333-8FDC-42A3-9474-1A3956D46DE8}") = "Src", "Src", "{2135864E-CF17-4FBC-9A91-DC817A54C90A}"
EndProject
Project("{2150E333-8FDC-42A3-9474-1A3956D46DE8}") = "Extersions", "Extersions", "{AB151676-5329-47DD-974B-646648B41FD7}"
EndProject
Project("{2150E333-8FDC-42A3-9474-1A3956D46DE8}") = "bulid", "bulid", "{E3F3C44D-EF02-4794-AFC3-93F26BDAFC1F}"
	ProjectSection(SolutionItems) = preProject
		build.bat = build.bat
		psake-common.ps1 = psake-common.ps1
		psake-project.ps1 = psake-project.ps1
		Push-Nupkg.json = Push-Nupkg.json
		src\SharedAssemblyInfo.cs = src\SharedAssemblyInfo.cs
	EndProjectSection
	ProjectSection(FolderGlobals) = preProject
		E_5_4WorkingSpace_3Self_4Flash_4Push-Nupkg_1json__JsonSchema = https://json.schemastore.org/appsettings.json
	EndProjectSection
EndProject
Project("{9A19103F-16F7-4668-BE54-9A1E7A4F7556}") = "Flash.Extensions.System", "src\Flash.Extensions.System\Flash.Extensions.System.csproj", "{57A3EB9F-AA0F-4498-9C58-333F0F960BB7}"
EndProject
Project("{9A19103F-16F7-4668-BE54-9A1E7A4F7556}") = "Flash.Extensions.UidGenerator", "src\Flash.Extensions.UidGenerator\Flash.Extensions.UidGenerator.csproj", "{3DE4A972-9B5E-425E-9191-65E6A0B394C3}"
EndProject
Project("{9A19103F-16F7-4668-BE54-9A1E7A4F7556}") = "Flash.Core", "src\Flash.Core\Flash.Core.csproj", "{34A716D5-DAA3-4095-8695-3A5816BAB769}"
EndProject
Project("{9A19103F-16F7-4668-BE54-9A1E7A4F7556}") = "Flash.Extensions.Middlewares", "src\Flash.Extensions.Middlewares\Flash.Extensions.Middlewares.csproj", "{922DA73E-44DF-4712-9E5E-7A03006976B8}"
EndProject
Project("{2150E333-8FDC-42A3-9474-1A3956D46DE8}") = "Tests", "Tests", "{CC125563-ED93-4B38-8512-67E3FAEA8398}"
EndProject
Project("{9A19103F-16F7-4668-BE54-9A1E7A4F7556}") = "Flash.Extensions.Security", "src\Flash.Extensions.Security\Flash.Extensions.Security.csproj", "{0465F8BB-9A86-4CF8-A48C-A8F93DC349E2}"
EndProject
Project("{2150E333-8FDC-42A3-9474-1A3956D46DE8}") = "Icons", "Icons", "{FDE27D0B-2355-4619-B04D-AF0743C59904}"
	ProjectSection(SolutionItems) = preProject
		icon.png = icon.png
	EndProjectSection
EndProject
Project("{9A19103F-16F7-4668-BE54-9A1E7A4F7556}") = "Flash.LoadBalancer", "src\Flash.LoadBalancer\Flash.LoadBalancer.csproj", "{3FF70F71-10DD-4B2E-93D1-4D83BC228008}"
EndProject
Project("{9A19103F-16F7-4668-BE54-9A1E7A4F7556}") = "Flash.Extensions.CQRS", "src\Flash.Extensions.CQRS\Flash.Extensions.CQRS.csproj", "{8580EE83-E2AF-4F56-BAAA-52A2E1CABE7E}"
EndProject
Project("{9A19103F-16F7-4668-BE54-9A1E7A4F7556}") = "Flash.Extensions.Cache", "src\Flash.Extensions.Cache\Flash.Extensions.Cache.csproj", "{299C3EF0-A2B1-4E35-99B8-46152F5021E7}"
EndProject
Project("{9A19103F-16F7-4668-BE54-9A1E7A4F7556}") = "Flash.Extensions.Cache.Redis", "src\Flash.Extensions.Cache.Redis\Flash.Extensions.Cache.Redis.csproj", "{0F1B410C-1FC0-4AD1-9507-B174B8B8975A}"
EndProject
Project("{9A19103F-16F7-4668-BE54-9A1E7A4F7556}") = "Flash.Extensions.DistributedLock", "src\Flash.Extensions.DistributedLock\Flash.Extensions.DistributedLock.csproj", "{D2B694A0-52BF-4F75-ABF4-986AA564BDB4}"
EndProject
Project("{9A19103F-16F7-4668-BE54-9A1E7A4F7556}") = "Flash.Extensions.Configuration.Json", "src\Flash.Extensions.Configuration.Json\Flash.Extensions.Configuration.Json.csproj", "{2B06F236-E183-4DDD-975D-5E4E87574979}"
EndProject
Project("{9A19103F-16F7-4668-BE54-9A1E7A4F7556}") = "Flash.Extensions.HealthChecks.Redis", "src\Flash.Extensions.HealthChecks.Redis\Flash.Extensions.HealthChecks.Redis.csproj", "{39CB8CB2-FE17-463E-8782-F7EE67004387}"
EndProject
Project("{9A19103F-16F7-4668-BE54-9A1E7A4F7556}") = "Flash.Extensions.Cache.Memcached", "src\Flash.Extensions.Cache.Memcached\Flash.Extensions.Cache.Memcached.csproj", "{D9B51021-9F3A-43A8-AFDB-1CFDB04CC477}"
EndProject
Project("{9A19103F-16F7-4668-BE54-9A1E7A4F7556}") = "Flash.Extensions.HealthChecks", "src\Flash.Extensions.HealthChecks\Flash.Extensions.HealthChecks.csproj", "{BA529852-ABD6-4559-B7F1-D64F809E31E7}"
EndProject
Project("{2150E333-8FDC-42A3-9474-1A3956D46DE8}") = "Cache", "Cache", "{D8BACD0E-04E8-4ECE-992C-0C1681059B50}"
EndProject
Project("{2150E333-8FDC-42A3-9474-1A3956D46DE8}") = "HealthChecks", "HealthChecks", "{E1525F10-B944-400A-8176-051416C14CC7}"
EndProject
Project("{9A19103F-16F7-4668-BE54-9A1E7A4F7556}") = "Flash.Extensions.AppMetrics", "src\Flash.Extensions.AppMetrics\Flash.Extensions.AppMetrics.csproj", "{8396B46F-525F-4951-A8EB-7DCB0D1D7384}"
EndProject
Project("{9A19103F-16F7-4668-BE54-9A1E7A4F7556}") = "Flash.Test", "tests\Flash.Test\Flash.Test.csproj", "{3BB6A0BC-7AB0-4AFF-A55F-C92F2B932322}"
EndProject
Project("{9A19103F-16F7-4668-BE54-9A1E7A4F7556}") = "Flash.Test.Web", "tests\Flash.Test.Web\Flash.Test.Web.csproj", "{F49D6D19-5E6C-4C7E-B8D5-EFDD3E7B8469}"
EndProject
Project("{9A19103F-16F7-4668-BE54-9A1E7A4F7556}") = "Flash.Extensions.EventBus", "src\Flash.Extensions.EventBus\Flash.Extensions.EventBus.csproj", "{E8FA6DD8-891E-4D06-8582-5DD3D5382F85}"
EndProject
Project("{9A19103F-16F7-4668-BE54-9A1E7A4F7556}") = "Flash.Extensions.EventBus.RabbitMQ", "src\Flash.Extensions.EventBus.RabbitMQ\Flash.Extensions.EventBus.RabbitMQ.csproj", "{7A8601D0-A69C-4828-BE78-490F94830B5F}"
EndProject
Project("{2150E333-8FDC-42A3-9474-1A3956D46DE8}") = "EventBus", "EventBus", "{CA8B169F-048A-4B5A-AA07-FEF81F565CF2}"
EndProject
Project("{2150E333-8FDC-42A3-9474-1A3956D46DE8}") = "OpenTracting", "OpenTracting", "{61535032-56EB-40AF-8288-CA3EC1EDC852}"
EndProject
Project("{9A19103F-16F7-4668-BE54-9A1E7A4F7556}") = "Flash.Extensions.ORM", "src\Flash.Extensions.ORM\Flash.Extensions.ORM.csproj", "{A4808934-328A-4520-BC24-AE7992CDFB15}"
EndProject
Project("{9A19103F-16F7-4668-BE54-9A1E7A4F7556}") = "Flash.Extensions.ORM.EntityFrameworkCore", "src\Flash.Extensions.ORM.EntityFrameworkCore\Flash.Extensions.ORM.EntityFrameworkCore.csproj", "{F2F50A64-9A99-40B3-99D1-2CA92A067E73}"
EndProject
Project("{9A19103F-16F7-4668-BE54-9A1E7A4F7556}") = "Flash.Extensions.Cache.Redis.DependencyInjection", "src\Flash.Extensions.Cache.Redis.DependencyInjection\Flash.Extensions.Cache.Redis.DependencyInjection.csproj", "{EF98BFD2-081E-4927-A175-1166DE0D1505}"
EndProject
Project("{9A19103F-16F7-4668-BE54-9A1E7A4F7556}") = "Flash.Extensions.Resilience.Http", "src\Flash.Extensions.Resilience.Http\Flash.Extensions.Resilience.Http.csproj", "{92D25397-906B-46C4-ACA5-A965B901F7EA}"
EndProject
Project("{9A19103F-16F7-4668-BE54-9A1E7A4F7556}") = "Flash.DynamicRoute", "src\Flash.DynamicRoute\Flash.DynamicRoute.csproj", "{3835F567-CC21-48C4-A384-BDD0FB0E8202}"
EndProject
Project("{9A19103F-16F7-4668-BE54-9A1E7A4F7556}") = "Flash.Extensions.EventBus.Dashboard.AspNetCore", "src\Flash.Extensions.EventBus.Dashboard.AspNetCore\Flash.Extensions.EventBus.Dashboard.AspNetCore.csproj", "{09D439B3-D696-45A7-90C2-0547C20EBA4A}"
EndProject
Project("{9A19103F-16F7-4668-BE54-9A1E7A4F7556}") = "Flash.Extensions.HealthChecks.MySql", "src\Flash.Extensions.HealthChecks.MySql\Flash.Extensions.HealthChecks.MySql.csproj", "{B2600AD2-E311-4956-BE21-9BD329AB3398}"
EndProject
Project("{9A19103F-16F7-4668-BE54-9A1E7A4F7556}") = "Flash.Extensions.HealthChecks.RabbitMQ", "src\Flash.Extensions.HealthChecks.RabbitMQ\Flash.Extensions.HealthChecks.RabbitMQ.csproj", "{F543F481-9FF9-45E8-A620-5D238412A4D9}"
EndProject
Project("{9A19103F-16F7-4668-BE54-9A1E7A4F7556}") = "Flash.Extensions.OpenTracting", "src\Flash.Extensions.OpenTracting\Flash.Extensions.OpenTracting.csproj", "{D3018834-602B-4EB9-AA04-F94656DC7681}"
EndProject
Project("{9A19103F-16F7-4668-BE54-9A1E7A4F7556}") = "Flash.Extensions.OpenTracting.Jaeger", "src\Flash.Extensions.OpenTracting.Jaeger\Flash.Extensions.OpenTracting.Jaeger.csproj", "{155674A1-46B4-436C-9725-86AEE3FC7C92}"
EndProject
Project("{9A19103F-16F7-4668-BE54-9A1E7A4F7556}") = "Flash.Extensions.OpenTracting.Skywalking", "src\Flash.Extensions.OpenTracting.Skywalking\Flash.Extensions.OpenTracting.Skywalking.csproj", "{E2EDC50A-E7BE-4F49-9892-C0AEAE9E1929}"
EndProject
Project("{9A19103F-16F7-4668-BE54-9A1E7A4F7556}") = "Flash.Extensions.Email", "src\Flash.Extensions.Email\Flash.Extensions.Email.csproj", "{09561ACC-443A-4BA9-BD0F-454D8DA2BEC9}"
EndProject
Project("{9A19103F-16F7-4668-BE54-9A1E7A4F7556}") = "Flash.Extensions.Job", "src\Flash.Extensions.Job\Flash.Extensions.Job.csproj", "{DE8DA092-AAF4-4937-835F-F7CEFF6ED42A}"
EndProject
Project("{2150E333-8FDC-42A3-9474-1A3956D46DE8}") = "Job", "Job", "{792FE591-1871-4293-8E45-38BBCB165710}"
EndProject
Project("{9A19103F-16F7-4668-BE54-9A1E7A4F7556}") = "Flash.Extensions.Job.Quartz", "src\Flash.Extensions.Job.Quartz\Flash.Extensions.Job.Quartz.csproj", "{A4D2BE47-2214-45A4-AE4D-43BF69C5F818}"
EndProject
Project("{9A19103F-16F7-4668-BE54-9A1E7A4F7556}") = "Flash.Extensions.Job.Hangfire", "src\Flash.Extensions.Job.Hangfire\Flash.Extensions.Job.Hangfire.csproj", "{F709E51D-3BA4-4463-AA04-F0D8E3FCBCB7}"
EndProject
Project("{9A19103F-16F7-4668-BE54-9A1E7A4F7556}") = "Flash.Extensions.Job.Hangfire.AspNetCore", "src\Flash.Extensions.Job.Hangfire.AspNetCore\Flash.Extensions.Job.Hangfire.AspNetCore.csproj", "{890F5D5A-DE00-4FF3-B4AF-515154FD4CAF}"
EndProject
Project("{2150E333-8FDC-42A3-9474-1A3956D46DE8}") = ".nuget", ".nuget", "{C25D9C39-9D1E-4691-A947-BA118E63842A}"
	ProjectSection(SolutionItems) = preProject
		.nuget\packages.config = .nuget\packages.config
	EndProjectSection
EndProject
Project("{2150E333-8FDC-42A3-9474-1A3956D46DE8}") = "nuspecs", "nuspecs", "{9E6DC0BA-E40A-4693-9DC3-8C68EAB32AD2}"
	ProjectSection(SolutionItems) = preProject
		nuspecs\Flash.DynamicRoute.nuspec = nuspecs\Flash.DynamicRoute.nuspec
		nuspecs\Flash.Extensions.Cache.nuspec = nuspecs\Flash.Extensions.Cache.nuspec
		nuspecs\Flash.Extensions.Cache.Redis.DependencyInjection.nuspec = nuspecs\Flash.Extensions.Cache.Redis.DependencyInjection.nuspec
		nuspecs\Flash.Extensions.Cache.Redis.nuspec = nuspecs\Flash.Extensions.Cache.Redis.nuspec
		nuspecs\Flash.Extensions.Configuration.Apollo.nuspec = nuspecs\Flash.Extensions.Configuration.Apollo.nuspec
		nuspecs\Flash.Extensions.Configuration.Json.nuspec = nuspecs\Flash.Extensions.Configuration.Json.nuspec
		nuspecs\Flash.Extensions.DistributedLock.nuspec = nuspecs\Flash.Extensions.DistributedLock.nuspec
		nuspecs\Flash.Extensions.Email.nuspec = nuspecs\Flash.Extensions.Email.nuspec
		nuspecs\Flash.Extensions.EventBus.nuspec = nuspecs\Flash.Extensions.EventBus.nuspec
		nuspecs\Flash.Extensions.EventBus.RabbitMQ.nuspec = nuspecs\Flash.Extensions.EventBus.RabbitMQ.nuspec
		nuspecs\Flash.Extensions.HealthChecks.MySql.nuspec = nuspecs\Flash.Extensions.HealthChecks.MySql.nuspec
		nuspecs\Flash.Extensions.HealthChecks.nuspec = nuspecs\Flash.Extensions.HealthChecks.nuspec
		nuspecs\Flash.Extensions.HealthChecks.RabbitMQ.nuspec = nuspecs\Flash.Extensions.HealthChecks.RabbitMQ.nuspec
		nuspecs\Flash.Extensions.HealthChecks.Redis.nuspec = nuspecs\Flash.Extensions.HealthChecks.Redis.nuspec
		nuspecs\Flash.Extensions.Job.Hangfire.AspNetCore.nuspec = nuspecs\Flash.Extensions.Job.Hangfire.AspNetCore.nuspec
		nuspecs\Flash.Extensions.Job.Hangfire.nuspec = nuspecs\Flash.Extensions.Job.Hangfire.nuspec
		nuspecs\Flash.Extensions.Job.nuspec = nuspecs\Flash.Extensions.Job.nuspec
		nuspecs\Flash.Extensions.Job.Quartz.nuspec = nuspecs\Flash.Extensions.Job.Quartz.nuspec
		nuspecs\Flash.Extensions.Office.Npoi.nuspec = nuspecs\Flash.Extensions.Office.Npoi.nuspec
		nuspecs\Flash.Extensions.Office.nuspec = nuspecs\Flash.Extensions.Office.nuspec
		nuspecs\Flash.Extensions.OpenTracting.Jaeger.nuspec = nuspecs\Flash.Extensions.OpenTracting.Jaeger.nuspec
		nuspecs\Flash.Extensions.OpenTracting.nuspec = nuspecs\Flash.Extensions.OpenTracting.nuspec
		nuspecs\Flash.Extensions.OpenTracting.Skywalking.nuspec = nuspecs\Flash.Extensions.OpenTracting.Skywalking.nuspec
		nuspecs\Flash.Extensions.ORM.EntityFrameworkCore.nuspec = nuspecs\Flash.Extensions.ORM.EntityFrameworkCore.nuspec
		nuspecs\Flash.Extensions.ORM.nuspec = nuspecs\Flash.Extensions.ORM.nuspec
		nuspecs\Flash.Extensions.Resilience.Http.nuspec = nuspecs\Flash.Extensions.Resilience.Http.nuspec
		nuspecs\Flash.Extensions.Security.nuspec = nuspecs\Flash.Extensions.Security.nuspec
		nuspecs\Flash.Extensions.UidGenerator.nuspec = nuspecs\Flash.Extensions.UidGenerator.nuspec
		nuspecs\Flash.LoadBalancer.nuspec = nuspecs\Flash.LoadBalancer.nuspec
	EndProjectSection
EndProject
Project("{2150E333-8FDC-42A3-9474-1A3956D46DE8}") = "Configuration", "Configuration", "{0D43B68E-831C-4BCB-A758-6142490F828D}"
EndProject
Project("{9A19103F-16F7-4668-BE54-9A1E7A4F7556}") = "Flash.Extensions.Configuration.Apollo", "src\Flash.Extensions.Configuration.Apollo\Flash.Extensions.Configuration.Apollo.csproj", "{7E8D9335-E7BF-4939-A1E2-1C7F776627B6}"
EndProject
Project("{9A19103F-16F7-4668-BE54-9A1E7A4F7556}") = "Flash.ThirdParty.Api.JuHeData", "src\Flash.ThirdParty.Api.JuHeData\Flash.ThirdParty.Api.JuHeData.csproj", "{EB89BB95-E7E0-402E-BCD0-655D6196F001}"
EndProject
Project("{9A19103F-16F7-4668-BE54-9A1E7A4F7556}") = "Flash.Extensions.Office", "src\Flash.Extensions.Office\Flash.Extensions.Office.csproj", "{A0649772-4EBC-467B-9634-C84FED59B6B7}"
EndProject
Project("{2150E333-8FDC-42A3-9474-1A3956D46DE8}") = "Office", "Office", "{09DC831E-B5E7-4D5A-A7F1-A6FDE8F95FDE}"
EndProject
Project("{9A19103F-16F7-4668-BE54-9A1E7A4F7556}") = "Flash.Extensions.Office.Npoi", "src\Flash.Extensions.Office.Npoi\Flash.Extensions.Office.Npoi.csproj", "{1D493A3C-9E3E-42A9-BBB4-3E11F5DD7364}"
EndProject
Project("{2150E333-8FDC-42A3-9474-1A3956D46DE8}") = "ORM", "ORM", "{9F8830DB-09C6-4933-9F9D-A3C27A7F96C7}"
EndProject
Project("{9A19103F-16F7-4668-BE54-9A1E7A4F7556}") = "Flash.Extensions.RemoteServiceProxy", "src\Flash.Extensions.RemoteServiceProxy\Flash.Extensions.RemoteServiceProxy.csproj", "{EF6923A3-68EB-44C0-B957-FAF0B7D94D54}"
EndProject
Project("{9A19103F-16F7-4668-BE54-9A1E7A4F7556}") = "Flash.Widgets", "src\Flash.Widgets\Flash.Widgets.csproj", "{BF90148A-CD4B-47B2-862C-98E9FA22552F}"
EndProject
Global
	GlobalSection(SolutionConfigurationPlatforms) = preSolution
		Debug|Any CPU = Debug|Any CPU
		Release|Any CPU = Release|Any CPU
	EndGlobalSection
	GlobalSection(ProjectConfigurationPlatforms) = postSolution
		{57A3EB9F-AA0F-4498-9C58-333F0F960BB7}.Debug|Any CPU.ActiveCfg = Debug|Any CPU
		{57A3EB9F-AA0F-4498-9C58-333F0F960BB7}.Debug|Any CPU.Build.0 = Debug|Any CPU
		{57A3EB9F-AA0F-4498-9C58-333F0F960BB7}.Release|Any CPU.ActiveCfg = Release|Any CPU
		{57A3EB9F-AA0F-4498-9C58-333F0F960BB7}.Release|Any CPU.Build.0 = Release|Any CPU
		{3DE4A972-9B5E-425E-9191-65E6A0B394C3}.Debug|Any CPU.ActiveCfg = Debug|Any CPU
		{3DE4A972-9B5E-425E-9191-65E6A0B394C3}.Debug|Any CPU.Build.0 = Debug|Any CPU
		{3DE4A972-9B5E-425E-9191-65E6A0B394C3}.Release|Any CPU.ActiveCfg = Release|Any CPU
		{3DE4A972-9B5E-425E-9191-65E6A0B394C3}.Release|Any CPU.Build.0 = Release|Any CPU
		{34A716D5-DAA3-4095-8695-3A5816BAB769}.Debug|Any CPU.ActiveCfg = Debug|Any CPU
		{34A716D5-DAA3-4095-8695-3A5816BAB769}.Debug|Any CPU.Build.0 = Debug|Any CPU
		{34A716D5-DAA3-4095-8695-3A5816BAB769}.Release|Any CPU.ActiveCfg = Release|Any CPU
		{34A716D5-DAA3-4095-8695-3A5816BAB769}.Release|Any CPU.Build.0 = Release|Any CPU
		{922DA73E-44DF-4712-9E5E-7A03006976B8}.Debug|Any CPU.ActiveCfg = Debug|Any CPU
		{922DA73E-44DF-4712-9E5E-7A03006976B8}.Debug|Any CPU.Build.0 = Debug|Any CPU
		{922DA73E-44DF-4712-9E5E-7A03006976B8}.Release|Any CPU.ActiveCfg = Release|Any CPU
		{922DA73E-44DF-4712-9E5E-7A03006976B8}.Release|Any CPU.Build.0 = Release|Any CPU
		{0465F8BB-9A86-4CF8-A48C-A8F93DC349E2}.Debug|Any CPU.ActiveCfg = Debug|Any CPU
		{0465F8BB-9A86-4CF8-A48C-A8F93DC349E2}.Debug|Any CPU.Build.0 = Debug|Any CPU
		{0465F8BB-9A86-4CF8-A48C-A8F93DC349E2}.Release|Any CPU.ActiveCfg = Release|Any CPU
		{0465F8BB-9A86-4CF8-A48C-A8F93DC349E2}.Release|Any CPU.Build.0 = Release|Any CPU
		{3FF70F71-10DD-4B2E-93D1-4D83BC228008}.Debug|Any CPU.ActiveCfg = Debug|Any CPU
		{3FF70F71-10DD-4B2E-93D1-4D83BC228008}.Debug|Any CPU.Build.0 = Debug|Any CPU
		{3FF70F71-10DD-4B2E-93D1-4D83BC228008}.Release|Any CPU.ActiveCfg = Release|Any CPU
		{3FF70F71-10DD-4B2E-93D1-4D83BC228008}.Release|Any CPU.Build.0 = Release|Any CPU
		{8580EE83-E2AF-4F56-BAAA-52A2E1CABE7E}.Debug|Any CPU.ActiveCfg = Debug|Any CPU
		{8580EE83-E2AF-4F56-BAAA-52A2E1CABE7E}.Debug|Any CPU.Build.0 = Debug|Any CPU
		{8580EE83-E2AF-4F56-BAAA-52A2E1CABE7E}.Release|Any CPU.ActiveCfg = Release|Any CPU
		{8580EE83-E2AF-4F56-BAAA-52A2E1CABE7E}.Release|Any CPU.Build.0 = Release|Any CPU
		{299C3EF0-A2B1-4E35-99B8-46152F5021E7}.Debug|Any CPU.ActiveCfg = Debug|Any CPU
		{299C3EF0-A2B1-4E35-99B8-46152F5021E7}.Debug|Any CPU.Build.0 = Debug|Any CPU
		{299C3EF0-A2B1-4E35-99B8-46152F5021E7}.Release|Any CPU.ActiveCfg = Release|Any CPU
		{299C3EF0-A2B1-4E35-99B8-46152F5021E7}.Release|Any CPU.Build.0 = Release|Any CPU
		{0F1B410C-1FC0-4AD1-9507-B174B8B8975A}.Debug|Any CPU.ActiveCfg = Debug|Any CPU
		{0F1B410C-1FC0-4AD1-9507-B174B8B8975A}.Debug|Any CPU.Build.0 = Debug|Any CPU
		{0F1B410C-1FC0-4AD1-9507-B174B8B8975A}.Release|Any CPU.ActiveCfg = Release|Any CPU
		{0F1B410C-1FC0-4AD1-9507-B174B8B8975A}.Release|Any CPU.Build.0 = Release|Any CPU
		{D2B694A0-52BF-4F75-ABF4-986AA564BDB4}.Debug|Any CPU.ActiveCfg = Debug|Any CPU
		{D2B694A0-52BF-4F75-ABF4-986AA564BDB4}.Debug|Any CPU.Build.0 = Debug|Any CPU
		{D2B694A0-52BF-4F75-ABF4-986AA564BDB4}.Release|Any CPU.ActiveCfg = Release|Any CPU
		{D2B694A0-52BF-4F75-ABF4-986AA564BDB4}.Release|Any CPU.Build.0 = Release|Any CPU
		{2B06F236-E183-4DDD-975D-5E4E87574979}.Debug|Any CPU.ActiveCfg = Debug|Any CPU
		{2B06F236-E183-4DDD-975D-5E4E87574979}.Debug|Any CPU.Build.0 = Debug|Any CPU
		{2B06F236-E183-4DDD-975D-5E4E87574979}.Release|Any CPU.ActiveCfg = Release|Any CPU
		{2B06F236-E183-4DDD-975D-5E4E87574979}.Release|Any CPU.Build.0 = Release|Any CPU
		{39CB8CB2-FE17-463E-8782-F7EE67004387}.Debug|Any CPU.ActiveCfg = Debug|Any CPU
		{39CB8CB2-FE17-463E-8782-F7EE67004387}.Debug|Any CPU.Build.0 = Debug|Any CPU
		{39CB8CB2-FE17-463E-8782-F7EE67004387}.Release|Any CPU.ActiveCfg = Release|Any CPU
		{39CB8CB2-FE17-463E-8782-F7EE67004387}.Release|Any CPU.Build.0 = Release|Any CPU
		{D9B51021-9F3A-43A8-AFDB-1CFDB04CC477}.Debug|Any CPU.ActiveCfg = Debug|Any CPU
		{D9B51021-9F3A-43A8-AFDB-1CFDB04CC477}.Debug|Any CPU.Build.0 = Debug|Any CPU
		{D9B51021-9F3A-43A8-AFDB-1CFDB04CC477}.Release|Any CPU.ActiveCfg = Release|Any CPU
		{D9B51021-9F3A-43A8-AFDB-1CFDB04CC477}.Release|Any CPU.Build.0 = Release|Any CPU
		{BA529852-ABD6-4559-B7F1-D64F809E31E7}.Debug|Any CPU.ActiveCfg = Debug|Any CPU
		{BA529852-ABD6-4559-B7F1-D64F809E31E7}.Debug|Any CPU.Build.0 = Debug|Any CPU
		{BA529852-ABD6-4559-B7F1-D64F809E31E7}.Release|Any CPU.ActiveCfg = Release|Any CPU
		{BA529852-ABD6-4559-B7F1-D64F809E31E7}.Release|Any CPU.Build.0 = Release|Any CPU
		{8396B46F-525F-4951-A8EB-7DCB0D1D7384}.Debug|Any CPU.ActiveCfg = Debug|Any CPU
		{8396B46F-525F-4951-A8EB-7DCB0D1D7384}.Debug|Any CPU.Build.0 = Debug|Any CPU
		{8396B46F-525F-4951-A8EB-7DCB0D1D7384}.Release|Any CPU.ActiveCfg = Release|Any CPU
		{8396B46F-525F-4951-A8EB-7DCB0D1D7384}.Release|Any CPU.Build.0 = Release|Any CPU
		{3BB6A0BC-7AB0-4AFF-A55F-C92F2B932322}.Debug|Any CPU.ActiveCfg = Debug|Any CPU
		{3BB6A0BC-7AB0-4AFF-A55F-C92F2B932322}.Debug|Any CPU.Build.0 = Debug|Any CPU
		{3BB6A0BC-7AB0-4AFF-A55F-C92F2B932322}.Release|Any CPU.ActiveCfg = Release|Any CPU
		{3BB6A0BC-7AB0-4AFF-A55F-C92F2B932322}.Release|Any CPU.Build.0 = Release|Any CPU
		{F49D6D19-5E6C-4C7E-B8D5-EFDD3E7B8469}.Debug|Any CPU.ActiveCfg = Debug|Any CPU
		{F49D6D19-5E6C-4C7E-B8D5-EFDD3E7B8469}.Debug|Any CPU.Build.0 = Debug|Any CPU
		{F49D6D19-5E6C-4C7E-B8D5-EFDD3E7B8469}.Release|Any CPU.ActiveCfg = Release|Any CPU
		{F49D6D19-5E6C-4C7E-B8D5-EFDD3E7B8469}.Release|Any CPU.Build.0 = Release|Any CPU
		{E8FA6DD8-891E-4D06-8582-5DD3D5382F85}.Debug|Any CPU.ActiveCfg = Debug|Any CPU
		{E8FA6DD8-891E-4D06-8582-5DD3D5382F85}.Debug|Any CPU.Build.0 = Debug|Any CPU
		{E8FA6DD8-891E-4D06-8582-5DD3D5382F85}.Release|Any CPU.ActiveCfg = Release|Any CPU
		{E8FA6DD8-891E-4D06-8582-5DD3D5382F85}.Release|Any CPU.Build.0 = Release|Any CPU
		{7A8601D0-A69C-4828-BE78-490F94830B5F}.Debug|Any CPU.ActiveCfg = Debug|Any CPU
		{7A8601D0-A69C-4828-BE78-490F94830B5F}.Debug|Any CPU.Build.0 = Debug|Any CPU
		{7A8601D0-A69C-4828-BE78-490F94830B5F}.Release|Any CPU.ActiveCfg = Release|Any CPU
		{7A8601D0-A69C-4828-BE78-490F94830B5F}.Release|Any CPU.Build.0 = Release|Any CPU
		{A4808934-328A-4520-BC24-AE7992CDFB15}.Debug|Any CPU.ActiveCfg = Debug|Any CPU
		{A4808934-328A-4520-BC24-AE7992CDFB15}.Debug|Any CPU.Build.0 = Debug|Any CPU
		{A4808934-328A-4520-BC24-AE7992CDFB15}.Release|Any CPU.ActiveCfg = Release|Any CPU
		{A4808934-328A-4520-BC24-AE7992CDFB15}.Release|Any CPU.Build.0 = Release|Any CPU
		{F2F50A64-9A99-40B3-99D1-2CA92A067E73}.Debug|Any CPU.ActiveCfg = Debug|Any CPU
		{F2F50A64-9A99-40B3-99D1-2CA92A067E73}.Debug|Any CPU.Build.0 = Debug|Any CPU
		{F2F50A64-9A99-40B3-99D1-2CA92A067E73}.Release|Any CPU.ActiveCfg = Release|Any CPU
		{F2F50A64-9A99-40B3-99D1-2CA92A067E73}.Release|Any CPU.Build.0 = Release|Any CPU
		{EF98BFD2-081E-4927-A175-1166DE0D1505}.Debug|Any CPU.ActiveCfg = Debug|Any CPU
		{EF98BFD2-081E-4927-A175-1166DE0D1505}.Debug|Any CPU.Build.0 = Debug|Any CPU
		{EF98BFD2-081E-4927-A175-1166DE0D1505}.Release|Any CPU.ActiveCfg = Release|Any CPU
		{EF98BFD2-081E-4927-A175-1166DE0D1505}.Release|Any CPU.Build.0 = Release|Any CPU
		{92D25397-906B-46C4-ACA5-A965B901F7EA}.Debug|Any CPU.ActiveCfg = Debug|Any CPU
		{92D25397-906B-46C4-ACA5-A965B901F7EA}.Debug|Any CPU.Build.0 = Debug|Any CPU
		{92D25397-906B-46C4-ACA5-A965B901F7EA}.Release|Any CPU.ActiveCfg = Release|Any CPU
		{92D25397-906B-46C4-ACA5-A965B901F7EA}.Release|Any CPU.Build.0 = Release|Any CPU
		{3835F567-CC21-48C4-A384-BDD0FB0E8202}.Debug|Any CPU.ActiveCfg = Debug|Any CPU
		{3835F567-CC21-48C4-A384-BDD0FB0E8202}.Debug|Any CPU.Build.0 = Debug|Any CPU
		{3835F567-CC21-48C4-A384-BDD0FB0E8202}.Release|Any CPU.ActiveCfg = Release|Any CPU
		{3835F567-CC21-48C4-A384-BDD0FB0E8202}.Release|Any CPU.Build.0 = Release|Any CPU
		{09D439B3-D696-45A7-90C2-0547C20EBA4A}.Debug|Any CPU.ActiveCfg = Debug|Any CPU
		{09D439B3-D696-45A7-90C2-0547C20EBA4A}.Debug|Any CPU.Build.0 = Debug|Any CPU
		{09D439B3-D696-45A7-90C2-0547C20EBA4A}.Release|Any CPU.ActiveCfg = Release|Any CPU
		{09D439B3-D696-45A7-90C2-0547C20EBA4A}.Release|Any CPU.Build.0 = Release|Any CPU
		{B2600AD2-E311-4956-BE21-9BD329AB3398}.Debug|Any CPU.ActiveCfg = Debug|Any CPU
		{B2600AD2-E311-4956-BE21-9BD329AB3398}.Debug|Any CPU.Build.0 = Debug|Any CPU
		{B2600AD2-E311-4956-BE21-9BD329AB3398}.Release|Any CPU.ActiveCfg = Release|Any CPU
		{B2600AD2-E311-4956-BE21-9BD329AB3398}.Release|Any CPU.Build.0 = Release|Any CPU
		{F543F481-9FF9-45E8-A620-5D238412A4D9}.Debug|Any CPU.ActiveCfg = Debug|Any CPU
		{F543F481-9FF9-45E8-A620-5D238412A4D9}.Debug|Any CPU.Build.0 = Debug|Any CPU
		{F543F481-9FF9-45E8-A620-5D238412A4D9}.Release|Any CPU.ActiveCfg = Release|Any CPU
		{F543F481-9FF9-45E8-A620-5D238412A4D9}.Release|Any CPU.Build.0 = Release|Any CPU
		{D3018834-602B-4EB9-AA04-F94656DC7681}.Debug|Any CPU.ActiveCfg = Debug|Any CPU
		{D3018834-602B-4EB9-AA04-F94656DC7681}.Debug|Any CPU.Build.0 = Debug|Any CPU
		{D3018834-602B-4EB9-AA04-F94656DC7681}.Release|Any CPU.ActiveCfg = Release|Any CPU
		{D3018834-602B-4EB9-AA04-F94656DC7681}.Release|Any CPU.Build.0 = Release|Any CPU
		{155674A1-46B4-436C-9725-86AEE3FC7C92}.Debug|Any CPU.ActiveCfg = Debug|Any CPU
		{155674A1-46B4-436C-9725-86AEE3FC7C92}.Debug|Any CPU.Build.0 = Debug|Any CPU
		{155674A1-46B4-436C-9725-86AEE3FC7C92}.Release|Any CPU.ActiveCfg = Release|Any CPU
		{155674A1-46B4-436C-9725-86AEE3FC7C92}.Release|Any CPU.Build.0 = Release|Any CPU
		{E2EDC50A-E7BE-4F49-9892-C0AEAE9E1929}.Debug|Any CPU.ActiveCfg = Debug|Any CPU
		{E2EDC50A-E7BE-4F49-9892-C0AEAE9E1929}.Debug|Any CPU.Build.0 = Debug|Any CPU
		{E2EDC50A-E7BE-4F49-9892-C0AEAE9E1929}.Release|Any CPU.ActiveCfg = Release|Any CPU
		{E2EDC50A-E7BE-4F49-9892-C0AEAE9E1929}.Release|Any CPU.Build.0 = Release|Any CPU
		{09561ACC-443A-4BA9-BD0F-454D8DA2BEC9}.Debug|Any CPU.ActiveCfg = Debug|Any CPU
		{09561ACC-443A-4BA9-BD0F-454D8DA2BEC9}.Debug|Any CPU.Build.0 = Debug|Any CPU
		{09561ACC-443A-4BA9-BD0F-454D8DA2BEC9}.Release|Any CPU.ActiveCfg = Release|Any CPU
		{09561ACC-443A-4BA9-BD0F-454D8DA2BEC9}.Release|Any CPU.Build.0 = Release|Any CPU
		{DE8DA092-AAF4-4937-835F-F7CEFF6ED42A}.Debug|Any CPU.ActiveCfg = Debug|Any CPU
		{DE8DA092-AAF4-4937-835F-F7CEFF6ED42A}.Debug|Any CPU.Build.0 = Debug|Any CPU
		{DE8DA092-AAF4-4937-835F-F7CEFF6ED42A}.Release|Any CPU.ActiveCfg = Release|Any CPU
		{DE8DA092-AAF4-4937-835F-F7CEFF6ED42A}.Release|Any CPU.Build.0 = Release|Any CPU
		{A4D2BE47-2214-45A4-AE4D-43BF69C5F818}.Debug|Any CPU.ActiveCfg = Debug|Any CPU
		{A4D2BE47-2214-45A4-AE4D-43BF69C5F818}.Debug|Any CPU.Build.0 = Debug|Any CPU
		{A4D2BE47-2214-45A4-AE4D-43BF69C5F818}.Release|Any CPU.ActiveCfg = Release|Any CPU
		{A4D2BE47-2214-45A4-AE4D-43BF69C5F818}.Release|Any CPU.Build.0 = Release|Any CPU
		{F709E51D-3BA4-4463-AA04-F0D8E3FCBCB7}.Debug|Any CPU.ActiveCfg = Debug|Any CPU
		{F709E51D-3BA4-4463-AA04-F0D8E3FCBCB7}.Debug|Any CPU.Build.0 = Debug|Any CPU
		{F709E51D-3BA4-4463-AA04-F0D8E3FCBCB7}.Release|Any CPU.ActiveCfg = Release|Any CPU
		{F709E51D-3BA4-4463-AA04-F0D8E3FCBCB7}.Release|Any CPU.Build.0 = Release|Any CPU
		{890F5D5A-DE00-4FF3-B4AF-515154FD4CAF}.Debug|Any CPU.ActiveCfg = Debug|Any CPU
		{890F5D5A-DE00-4FF3-B4AF-515154FD4CAF}.Debug|Any CPU.Build.0 = Debug|Any CPU
		{890F5D5A-DE00-4FF3-B4AF-515154FD4CAF}.Release|Any CPU.ActiveCfg = Release|Any CPU
		{890F5D5A-DE00-4FF3-B4AF-515154FD4CAF}.Release|Any CPU.Build.0 = Release|Any CPU
		{7E8D9335-E7BF-4939-A1E2-1C7F776627B6}.Debug|Any CPU.ActiveCfg = Debug|Any CPU
		{7E8D9335-E7BF-4939-A1E2-1C7F776627B6}.Debug|Any CPU.Build.0 = Debug|Any CPU
		{7E8D9335-E7BF-4939-A1E2-1C7F776627B6}.Release|Any CPU.ActiveCfg = Release|Any CPU
		{7E8D9335-E7BF-4939-A1E2-1C7F776627B6}.Release|Any CPU.Build.0 = Release|Any CPU
		{EB89BB95-E7E0-402E-BCD0-655D6196F001}.Debug|Any CPU.ActiveCfg = Debug|Any CPU
		{EB89BB95-E7E0-402E-BCD0-655D6196F001}.Debug|Any CPU.Build.0 = Debug|Any CPU
		{EB89BB95-E7E0-402E-BCD0-655D6196F001}.Release|Any CPU.ActiveCfg = Release|Any CPU
		{EB89BB95-E7E0-402E-BCD0-655D6196F001}.Release|Any CPU.Build.0 = Release|Any CPU
		{A0649772-4EBC-467B-9634-C84FED59B6B7}.Debug|Any CPU.ActiveCfg = Debug|Any CPU
		{A0649772-4EBC-467B-9634-C84FED59B6B7}.Debug|Any CPU.Build.0 = Debug|Any CPU
		{A0649772-4EBC-467B-9634-C84FED59B6B7}.Release|Any CPU.ActiveCfg = Release|Any CPU
		{A0649772-4EBC-467B-9634-C84FED59B6B7}.Release|Any CPU.Build.0 = Release|Any CPU
		{1D493A3C-9E3E-42A9-BBB4-3E11F5DD7364}.Debug|Any CPU.ActiveCfg = Debug|Any CPU
		{1D493A3C-9E3E-42A9-BBB4-3E11F5DD7364}.Debug|Any CPU.Build.0 = Debug|Any CPU
		{1D493A3C-9E3E-42A9-BBB4-3E11F5DD7364}.Release|Any CPU.ActiveCfg = Release|Any CPU
		{1D493A3C-9E3E-42A9-BBB4-3E11F5DD7364}.Release|Any CPU.Build.0 = Release|Any CPU
		{EF6923A3-68EB-44C0-B957-FAF0B7D94D54}.Debug|Any CPU.ActiveCfg = Debug|Any CPU
		{EF6923A3-68EB-44C0-B957-FAF0B7D94D54}.Debug|Any CPU.Build.0 = Debug|Any CPU
		{EF6923A3-68EB-44C0-B957-FAF0B7D94D54}.Release|Any CPU.ActiveCfg = Release|Any CPU
		{EF6923A3-68EB-44C0-B957-FAF0B7D94D54}.Release|Any CPU.Build.0 = Release|Any CPU
		{BF90148A-CD4B-47B2-862C-98E9FA22552F}.Debug|Any CPU.ActiveCfg = Debug|Any CPU
		{BF90148A-CD4B-47B2-862C-98E9FA22552F}.Debug|Any CPU.Build.0 = Debug|Any CPU
		{BF90148A-CD4B-47B2-862C-98E9FA22552F}.Release|Any CPU.ActiveCfg = Release|Any CPU
		{BF90148A-CD4B-47B2-862C-98E9FA22552F}.Release|Any CPU.Build.0 = Release|Any CPU
	EndGlobalSection
	GlobalSection(SolutionProperties) = preSolution
		HideSolutionNode = FALSE
	EndGlobalSection
	GlobalSection(NestedProjects) = preSolution
		{AB151676-5329-47DD-974B-646648B41FD7} = {2135864E-CF17-4FBC-9A91-DC817A54C90A}
		{57A3EB9F-AA0F-4498-9C58-333F0F960BB7} = {AB151676-5329-47DD-974B-646648B41FD7}
		{3DE4A972-9B5E-425E-9191-65E6A0B394C3} = {AB151676-5329-47DD-974B-646648B41FD7}
		{34A716D5-DAA3-4095-8695-3A5816BAB769} = {2135864E-CF17-4FBC-9A91-DC817A54C90A}
		{922DA73E-44DF-4712-9E5E-7A03006976B8} = {AB151676-5329-47DD-974B-646648B41FD7}
		{0465F8BB-9A86-4CF8-A48C-A8F93DC349E2} = {AB151676-5329-47DD-974B-646648B41FD7}
		{FDE27D0B-2355-4619-B04D-AF0743C59904} = {2135864E-CF17-4FBC-9A91-DC817A54C90A}
		{3FF70F71-10DD-4B2E-93D1-4D83BC228008} = {2135864E-CF17-4FBC-9A91-DC817A54C90A}
		{8580EE83-E2AF-4F56-BAAA-52A2E1CABE7E} = {AB151676-5329-47DD-974B-646648B41FD7}
		{299C3EF0-A2B1-4E35-99B8-46152F5021E7} = {D8BACD0E-04E8-4ECE-992C-0C1681059B50}
		{0F1B410C-1FC0-4AD1-9507-B174B8B8975A} = {D8BACD0E-04E8-4ECE-992C-0C1681059B50}
		{D2B694A0-52BF-4F75-ABF4-986AA564BDB4} = {D8BACD0E-04E8-4ECE-992C-0C1681059B50}
		{2B06F236-E183-4DDD-975D-5E4E87574979} = {0D43B68E-831C-4BCB-A758-6142490F828D}
		{39CB8CB2-FE17-463E-8782-F7EE67004387} = {E1525F10-B944-400A-8176-051416C14CC7}
		{D9B51021-9F3A-43A8-AFDB-1CFDB04CC477} = {D8BACD0E-04E8-4ECE-992C-0C1681059B50}
		{BA529852-ABD6-4559-B7F1-D64F809E31E7} = {E1525F10-B944-400A-8176-051416C14CC7}
		{D8BACD0E-04E8-4ECE-992C-0C1681059B50} = {AB151676-5329-47DD-974B-646648B41FD7}
		{E1525F10-B944-400A-8176-051416C14CC7} = {AB151676-5329-47DD-974B-646648B41FD7}
		{8396B46F-525F-4951-A8EB-7DCB0D1D7384} = {AB151676-5329-47DD-974B-646648B41FD7}
		{3BB6A0BC-7AB0-4AFF-A55F-C92F2B932322} = {CC125563-ED93-4B38-8512-67E3FAEA8398}
		{F49D6D19-5E6C-4C7E-B8D5-EFDD3E7B8469} = {CC125563-ED93-4B38-8512-67E3FAEA8398}
		{E8FA6DD8-891E-4D06-8582-5DD3D5382F85} = {CA8B169F-048A-4B5A-AA07-FEF81F565CF2}
		{7A8601D0-A69C-4828-BE78-490F94830B5F} = {CA8B169F-048A-4B5A-AA07-FEF81F565CF2}
		{CA8B169F-048A-4B5A-AA07-FEF81F565CF2} = {AB151676-5329-47DD-974B-646648B41FD7}
		{61535032-56EB-40AF-8288-CA3EC1EDC852} = {AB151676-5329-47DD-974B-646648B41FD7}
		{A4808934-328A-4520-BC24-AE7992CDFB15} = {9F8830DB-09C6-4933-9F9D-A3C27A7F96C7}
		{F2F50A64-9A99-40B3-99D1-2CA92A067E73} = {9F8830DB-09C6-4933-9F9D-A3C27A7F96C7}
		{EF98BFD2-081E-4927-A175-1166DE0D1505} = {D8BACD0E-04E8-4ECE-992C-0C1681059B50}
		{92D25397-906B-46C4-ACA5-A965B901F7EA} = {AB151676-5329-47DD-974B-646648B41FD7}
		{3835F567-CC21-48C4-A384-BDD0FB0E8202} = {AB151676-5329-47DD-974B-646648B41FD7}
		{09D439B3-D696-45A7-90C2-0547C20EBA4A} = {CA8B169F-048A-4B5A-AA07-FEF81F565CF2}
		{B2600AD2-E311-4956-BE21-9BD329AB3398} = {E1525F10-B944-400A-8176-051416C14CC7}
		{F543F481-9FF9-45E8-A620-5D238412A4D9} = {E1525F10-B944-400A-8176-051416C14CC7}
		{D3018834-602B-4EB9-AA04-F94656DC7681} = {61535032-56EB-40AF-8288-CA3EC1EDC852}
		{155674A1-46B4-436C-9725-86AEE3FC7C92} = {61535032-56EB-40AF-8288-CA3EC1EDC852}
		{E2EDC50A-E7BE-4F49-9892-C0AEAE9E1929} = {61535032-56EB-40AF-8288-CA3EC1EDC852}
		{09561ACC-443A-4BA9-BD0F-454D8DA2BEC9} = {AB151676-5329-47DD-974B-646648B41FD7}
		{DE8DA092-AAF4-4937-835F-F7CEFF6ED42A} = {792FE591-1871-4293-8E45-38BBCB165710}
		{792FE591-1871-4293-8E45-38BBCB165710} = {AB151676-5329-47DD-974B-646648B41FD7}
		{A4D2BE47-2214-45A4-AE4D-43BF69C5F818} = {792FE591-1871-4293-8E45-38BBCB165710}
		{F709E51D-3BA4-4463-AA04-F0D8E3FCBCB7} = {792FE591-1871-4293-8E45-38BBCB165710}
		{890F5D5A-DE00-4FF3-B4AF-515154FD4CAF} = {792FE591-1871-4293-8E45-38BBCB165710}
		{0D43B68E-831C-4BCB-A758-6142490F828D} = {AB151676-5329-47DD-974B-646648B41FD7}
		{7E8D9335-E7BF-4939-A1E2-1C7F776627B6} = {0D43B68E-831C-4BCB-A758-6142490F828D}
		{EB89BB95-E7E0-402E-BCD0-655D6196F001} = {AB151676-5329-47DD-974B-646648B41FD7}
		{A0649772-4EBC-467B-9634-C84FED59B6B7} = {09DC831E-B5E7-4D5A-A7F1-A6FDE8F95FDE}
		{09DC831E-B5E7-4D5A-A7F1-A6FDE8F95FDE} = {AB151676-5329-47DD-974B-646648B41FD7}
		{1D493A3C-9E3E-42A9-BBB4-3E11F5DD7364} = {09DC831E-B5E7-4D5A-A7F1-A6FDE8F95FDE}
		{9F8830DB-09C6-4933-9F9D-A3C27A7F96C7} = {AB151676-5329-47DD-974B-646648B41FD7}
		{EF6923A3-68EB-44C0-B957-FAF0B7D94D54} = {AB151676-5329-47DD-974B-646648B41FD7}
	EndGlobalSection
	GlobalSection(ExtensibilityGlobals) = postSolution
		SolutionGuid = {789F62BD-437C-461F-9EB7-7A1B19BFAE4E}
	EndGlobalSection
EndGlobal
